
Microsoft Visual Studio Solution File, Format Version 12.00
# Visual Studio Version 17
VisualStudioVersion = 17.6.33829.357
MinimumVisualStudioVersion = 10.0.40219.1
Project("{9A19103F-16F7-4668-BE54-9A1E7A4F7556}") = "InternalConfigurations", "InternalConfigurations\InternalConfigurations.csproj", "{0FCD6C47-3026-42D5-A5F4-339B57222DF5}"
EndProject
Project("{FAE04EC0-301F-11D3-BF4B-00C04F79EFBC}") = "ExternalConfigurations", "ExternalConfigurations\ExternalConfigurations.csproj", "{9978211A-0A14-49AE-AB2D-78A68CFD93DA}"
EndProject
Project("{FAE04EC0-301F-11D3-BF4B-00C04F79EFBC}") = "UsingDependencyInjection", "UsingDependencyInjection\UsingDependencyInjection.csproj", "{B73CD559-1BDB-4E1E-B59A-569EB0F9E49B}"
EndProject
Global
	GlobalSection(SolutionConfigurationPlatforms) = preSolution
		Debug|Any CPU = Debug|Any CPU
		Release|Any CPU = Release|Any CPU
	EndGlobalSection
	GlobalSection(ProjectConfigurationPlatforms) = postSolution
		{0FCD6C47-3026-42D5-A5F4-339B57222DF5}.Debug|Any CPU.ActiveCfg = Debug|Any CPU
		{0FCD6C47-3026-42D5-A5F4-339B57222DF5}.Debug|Any CPU.Build.0 = Debug|Any CPU
		{0FCD6C47-3026-42D5-A5F4-339B57222DF5}.Release|Any CPU.ActiveCfg = Release|Any CPU
		{0FCD6C47-3026-42D5-A5F4-339B57222DF5}.Release|Any CPU.Build.0 = Release|Any CPU
		{9978211A-0A14-49AE-AB2D-78A68CFD93DA}.Debug|Any CPU.ActiveCfg = Debug|Any CPU
		{9978211A-0A14-49AE-AB2D-78A68CFD93DA}.Debug|Any CPU.Build.0 = Debug|Any CPU
		{9978211A-0A14-49AE-AB2D-78A68CFD93DA}.Release|Any CPU.ActiveCfg = Release|Any CPU
		{9978211A-0A14-49AE-AB2D-78A68CFD93DA}.Release|Any CPU.Build.0 = Release|Any CPU
		{B73CD559-1BDB-4E1E-B59A-569EB0F9E49B}.Debug|Any CPU.ActiveCfg = Debug|Any CPU
		{B73CD559-1BDB-4E1E-B59A-569EB0F9E49B}.Debug|Any CPU.Build.0 = Debug|Any CPU
		{B73CD559-1BDB-4E1E-B59A-569EB0F9E49B}.Release|Any CPU.ActiveCfg = Release|Any CPU
		{B73CD559-1BDB-4E1E-B59A-569EB0F9E49B}.Release|Any CPU.Build.0 = Release|Any CPU
	EndGlobalSection
	GlobalSection(SolutionProperties) = preSolution
		HideSolutionNode = FALSE
	EndGlobalSection
	GlobalSection(ExtensibilityGlobals) = postSolution
		SolutionGuid = {C39284C5-7250-4748-8FFF-72D7DEAE52C1}
	EndGlobalSection
EndGlobal
