
Microsoft Visual Studio Solution File, Format Version 12.00
# Visual Studio Version 17
VisualStudioVersion = 17.6.33829.357
MinimumVisualStudioVersion = 10.0.40219.1
Project("{9A19103F-16F7-4668-BE54-9A1E7A4F7556}") = "WalletControlSystem", "WalletControlSystem\WalletControlSystem.csproj", "{A1BCFD86-AD7F-42AC-8D9E-7C0E11BB01CD}"
EndProject
Project("{FAE04EC0-301F-11D3-BF4B-00C04F79EFBC}") = "Client", "Client\Client.csproj", "{832F874D-4CF0-47A3-BC74-15438977DAEF}"
EndProject
Global
	GlobalSection(SolutionConfigurationPlatforms) = preSolution
		Debug|Any CPU = Debug|Any CPU
		Release|Any CPU = Release|Any CPU
	EndGlobalSection
	GlobalSection(ProjectConfigurationPlatforms) = postSolution
		{A1BCFD86-AD7F-42AC-8D9E-7C0E11BB01CD}.Debug|Any CPU.ActiveCfg = Debug|Any CPU
		{A1BCFD86-AD7F-42AC-8D9E-7C0E11BB01CD}.Debug|Any CPU.Build.0 = Debug|Any CPU
		{A1BCFD86-AD7F-42AC-8D9E-7C0E11BB01CD}.Release|Any CPU.ActiveCfg = Release|Any CPU
		{A1BCFD86-AD7F-42AC-8D9E-7C0E11BB01CD}.Release|Any CPU.Build.0 = Release|Any CPU
		{832F874D-4CF0-47A3-BC74-15438977DAEF}.Debug|Any CPU.ActiveCfg = Debug|Any CPU
		{832F874D-4CF0-47A3-BC74-15438977DAEF}.Debug|Any CPU.Build.0 = Debug|Any CPU
		{832F874D-4CF0-47A3-BC74-15438977DAEF}.Release|Any CPU.ActiveCfg = Release|Any CPU
		{832F874D-4CF0-47A3-BC74-15438977DAEF}.Release|Any CPU.Build.0 = Release|Any CPU
	EndGlobalSection
	GlobalSection(SolutionProperties) = preSolution
		HideSolutionNode = FALSE
	EndGlobalSection
	GlobalSection(ExtensibilityGlobals) = postSolution
		SolutionGuid = {7EA61E1E-CDC7-45F3-85B8-359D5FD4070B}
	EndGlobalSection
EndGlobal
